
Microsoft Visual Studio Solution File, Format Version 12.00
# Visual Studio Version 17
VisualStudioVersion = 17.0.31903.59
MinimumVisualStudioVersion = 10.0.40219.1
Project("{FAE04EC0-301F-11D3-BF4B-00C04F79EFBC}") = "api", "api\api.csproj", "{9B17D280-D57C-4897-A47F-BCE1BA47FEBA}"
EndProject
Project("{FAE04EC0-301F-11D3-BF4B-00C04F79EFBC}") = "services", "services\services.csproj", "{19A82F2D-9F69-47CB-A3A2-6E90049CE9F2}"
EndProject
Project("{FAE04EC0-301F-11D3-BF4B-00C04F79EFBC}") = "core", "core\core.csproj", "{3329FE31-F80F-4ADE-B6A2-9A1CD81CA1D5}"
EndProject
Project("{FAE04EC0-301F-11D3-BF4B-00C04F79EFBC}") = "data", "data\data.csproj", "{79A5F89A-F373-469C-9E1E-996CBCB5E4A5}"
EndProject
Global
	GlobalSection(SolutionConfigurationPlatforms) = preSolution
		Debug|Any CPU = Debug|Any CPU
		Debug|x64 = Debug|x64
		Debug|x86 = Debug|x86
		Release|Any CPU = Release|Any CPU
		Release|x64 = Release|x64
		Release|x86 = Release|x86
	EndGlobalSection
	GlobalSection(ProjectConfigurationPlatforms) = postSolution
		{9B17D280-D57C-4897-A47F-BCE1BA47FEBA}.Debug|Any CPU.ActiveCfg = Debug|Any CPU
		{9B17D280-D57C-4897-A47F-BCE1BA47FEBA}.Debug|Any CPU.Build.0 = Debug|Any CPU
		{9B17D280-D57C-4897-A47F-BCE1BA47FEBA}.Debug|x64.ActiveCfg = Debug|Any CPU
		{9B17D280-D57C-4897-A47F-BCE1BA47FEBA}.Debug|x64.Build.0 = Debug|Any CPU
		{9B17D280-D57C-4897-A47F-BCE1BA47FEBA}.Debug|x86.ActiveCfg = Debug|Any CPU
		{9B17D280-D57C-4897-A47F-BCE1BA47FEBA}.Debug|x86.Build.0 = Debug|Any CPU
		{9B17D280-D57C-4897-A47F-BCE1BA47FEBA}.Release|Any CPU.ActiveCfg = Release|Any CPU
		{9B17D280-D57C-4897-A47F-BCE1BA47FEBA}.Release|Any CPU.Build.0 = Release|Any CPU
		{9B17D280-D57C-4897-A47F-BCE1BA47FEBA}.Release|x64.ActiveCfg = Release|Any CPU
		{9B17D280-D57C-4897-A47F-BCE1BA47FEBA}.Release|x64.Build.0 = Release|Any CPU
		{9B17D280-D57C-4897-A47F-BCE1BA47FEBA}.Release|x86.ActiveCfg = Release|Any CPU
		{9B17D280-D57C-4897-A47F-BCE1BA47FEBA}.Release|x86.Build.0 = Release|Any CPU
		{19A82F2D-9F69-47CB-A3A2-6E90049CE9F2}.Debug|Any CPU.ActiveCfg = Debug|Any CPU
		{19A82F2D-9F69-47CB-A3A2-6E90049CE9F2}.Debug|Any CPU.Build.0 = Debug|Any CPU
		{19A82F2D-9F69-47CB-A3A2-6E90049CE9F2}.Debug|x64.ActiveCfg = Debug|Any CPU
		{19A82F2D-9F69-47CB-A3A2-6E90049CE9F2}.Debug|x64.Build.0 = Debug|Any CPU
		{19A82F2D-9F69-47CB-A3A2-6E90049CE9F2}.Debug|x86.ActiveCfg = Debug|Any CPU
		{19A82F2D-9F69-47CB-A3A2-6E90049CE9F2}.Debug|x86.Build.0 = Debug|Any CPU
		{19A82F2D-9F69-47CB-A3A2-6E90049CE9F2}.Release|Any CPU.ActiveCfg = Release|Any CPU
		{19A82F2D-9F69-47CB-A3A2-6E90049CE9F2}.Release|Any CPU.Build.0 = Release|Any CPU
		{19A82F2D-9F69-47CB-A3A2-6E90049CE9F2}.Release|x64.ActiveCfg = Release|Any CPU
		{19A82F2D-9F69-47CB-A3A2-6E90049CE9F2}.Release|x64.Build.0 = Release|Any CPU
		{19A82F2D-9F69-47CB-A3A2-6E90049CE9F2}.Release|x86.ActiveCfg = Release|Any CPU
		{19A82F2D-9F69-47CB-A3A2-6E90049CE9F2}.Release|x86.Build.0 = Release|Any CPU
		{3329FE31-F80F-4ADE-B6A2-9A1CD81CA1D5}.Debug|Any CPU.ActiveCfg = Debug|Any CPU
		{3329FE31-F80F-4ADE-B6A2-9A1CD81CA1D5}.Debug|Any CPU.Build.0 = Debug|Any CPU
		{3329FE31-F80F-4ADE-B6A2-9A1CD81CA1D5}.Debug|x64.ActiveCfg = Debug|Any CPU
		{3329FE31-F80F-4ADE-B6A2-9A1CD81CA1D5}.Debug|x64.Build.0 = Debug|Any CPU
		{3329FE31-F80F-4ADE-B6A2-9A1CD81CA1D5}.Debug|x86.ActiveCfg = Debug|Any CPU
		{3329FE31-F80F-4ADE-B6A2-9A1CD81CA1D5}.Debug|x86.Build.0 = Debug|Any CPU
		{3329FE31-F80F-4ADE-B6A2-9A1CD81CA1D5}.Release|Any CPU.ActiveCfg = Release|Any CPU
		{3329FE31-F80F-4ADE-B6A2-9A1CD81CA1D5}.Release|Any CPU.Build.0 = Release|Any CPU
		{3329FE31-F80F-4ADE-B6A2-9A1CD81CA1D5}.Release|x64.ActiveCfg = Release|Any CPU
		{3329FE31-F80F-4ADE-B6A2-9A1CD81CA1D5}.Release|x64.Build.0 = Release|Any CPU
		{3329FE31-F80F-4ADE-B6A2-9A1CD81CA1D5}.Release|x86.ActiveCfg = Release|Any CPU
		{3329FE31-F80F-4ADE-B6A2-9A1CD81CA1D5}.Release|x86.Build.0 = Release|Any CPU
		{79A5F89A-F373-469C-9E1E-996CBCB5E4A5}.Debug|Any CPU.ActiveCfg = Debug|Any CPU
		{79A5F89A-F373-469C-9E1E-996CBCB5E4A5}.Debug|Any CPU.Build.0 = Debug|Any CPU
		{79A5F89A-F373-469C-9E1E-996CBCB5E4A5}.Debug|x64.ActiveCfg = Debug|Any CPU
		{79A5F89A-F373-469C-9E1E-996CBCB5E4A5}.Debug|x64.Build.0 = Debug|Any CPU
		{79A5F89A-F373-469C-9E1E-996CBCB5E4A5}.Debug|x86.ActiveCfg = Debug|Any CPU
		{79A5F89A-F373-469C-9E1E-996CBCB5E4A5}.Debug|x86.Build.0 = Debug|Any CPU
		{79A5F89A-F373-469C-9E1E-996CBCB5E4A5}.Release|Any CPU.ActiveCfg = Release|Any CPU
		{79A5F89A-F373-469C-9E1E-996CBCB5E4A5}.Release|Any CPU.Build.0 = Release|Any CPU
		{79A5F89A-F373-469C-9E1E-996CBCB5E4A5}.Release|x64.ActiveCfg = Release|Any CPU
		{79A5F89A-F373-469C-9E1E-996CBCB5E4A5}.Release|x64.Build.0 = Release|Any CPU
		{79A5F89A-F373-469C-9E1E-996CBCB5E4A5}.Release|x86.ActiveCfg = Release|Any CPU
		{79A5F89A-F373-469C-9E1E-996CBCB5E4A5}.Release|x86.Build.0 = Release|Any CPU
	EndGlobalSection
	GlobalSection(SolutionProperties) = preSolution
		HideSolutionNode = FALSE
	EndGlobalSection
EndGlobal
